
Microsoft Visual Studio Solution File, Format Version 12.00
# Visual Studio Version 17
VisualStudioVersion = 17.6.33829.357
MinimumVisualStudioVersion = 10.0.40219.1
Project("{9A19103F-16F7-4668-BE54-9A1E7A4F7556}") = "Decorator", "DesignPatterns\Decorator.csproj", "{F18F8739-B468-43B7-B9B9-0EBE902650E7}"
EndProject
Project("{9A19103F-16F7-4668-BE54-9A1E7A4F7556}") = "Facade", "Facade\Facade.csproj", "{5AD466E7-78B7-462A-BFFD-E7F8C963919C}"
EndProject
Project("{9A19103F-16F7-4668-BE54-9A1E7A4F7556}") = "Singleton", "Singleton\Singleton.csproj", "{EFFD1BF9-B253-4ED3-A70A-FCEEAA190D09}"
EndProject
Project("{9A19103F-16F7-4668-BE54-9A1E7A4F7556}") = "Composite", "Composite\Composite.csproj", "{426E218C-40DE-4AF3-AEA0-6EDF315C80AF}"
EndProject
Project("{9A19103F-16F7-4668-BE54-9A1E7A4F7556}") = "Composite_UML", "Composite_UML\Composite_UML\Composite_UML.csproj", "{81209EC6-58C3-4F87-AA7F-9261FB6AF8C2}"
EndProject
Project("{9A19103F-16F7-4668-BE54-9A1E7A4F7556}") = "Composite_Computer_Sample", "Composite_Computer_Sample\Composite_Computer_Sample\Composite_Computer_Sample.csproj", "{E7322888-8077-45AC-B2A5-DEA19F851DF3}"
EndProject
Project("{9A19103F-16F7-4668-BE54-9A1E7A4F7556}") = "Strategy", "Strategy\Strategy.csproj", "{4D7A404D-E18D-4ADA-826F-76BBCFCEA40C}"
EndProject
Project("{9A19103F-16F7-4668-BE54-9A1E7A4F7556}") = "SortStrategy", "SortStrategy\SortStrategy.csproj", "{F26EE7F8-F272-48D8-8F7B-638B788898B7}"
EndProject
Project("{9A19103F-16F7-4668-BE54-9A1E7A4F7556}") = "Visitor", "Visitor\Visitor.csproj", "{B8566F57-74F1-4B04-8808-529C975E44D3}"
EndProject
Project("{9A19103F-16F7-4668-BE54-9A1E7A4F7556}") = "FactoryMethod", "FactoryMethod\FactoryMethod.csproj", "{15606DE2-D9A3-436D-B186-B3D20EF13F5B}"
EndProject
Project("{9A19103F-16F7-4668-BE54-9A1E7A4F7556}") = "SMSFactoryMethod", "SMSFactoryMethod\SMSFactoryMethod.csproj", "{98CFC317-4A33-47FE-97C5-54A5D00C418E}"
EndProject
Project("{9A19103F-16F7-4668-BE54-9A1E7A4F7556}") = "AbstractFactory", "AbstractFactory\AbstractFactory.csproj", "{02A7B67B-2BCE-4EC5-9E55-83B523B57403}"
EndProject
Project("{9A19103F-16F7-4668-BE54-9A1E7A4F7556}") = "Prototype", "Prototype\Prototype.csproj", "{55528969-09EF-49F3-B077-122627996AF4}"
EndProject
Project("{9A19103F-16F7-4668-BE54-9A1E7A4F7556}") = "Observer", "Observer\Observer\Observer.csproj", "{8279534C-EB3E-463D-A643-836E2B6C28D8}"
EndProject
Project("{9A19103F-16F7-4668-BE54-9A1E7A4F7556}") = "DecoratorRealWorld", "DecoratorRealWorld\DecoratorRealWorld.csproj", "{16438980-5E02-4489-B96D-ECC89F5859E2}"
EndProject
Project("{2150E333-8FDC-42A3-9474-1A3956D46DE8}") = "Creational Patterns", "Creational Patterns", "{A433B48B-229F-418D-879A-4C18A457088B}"
EndProject
Project("{2150E333-8FDC-42A3-9474-1A3956D46DE8}") = "imgs", "imgs", "{4E280134-C785-478F-99D6-8BA1221E6591}"
	ProjectSection(SolutionItems) = preProject
		imgC\1.AbstractFactory.PNG = imgC\1.AbstractFactory.PNG
		imgC\2.Builder.PNG = imgC\2.Builder.PNG
		imgC\3.FactoryMethod.PNG = imgC\3.FactoryMethod.PNG
		imgC\4.Prototype.PNG = imgC\4.Prototype.PNG
		imgC\5.Singleton.PNG = imgC\5.Singleton.PNG
	EndProjectSection
EndProject
Project("{2150E333-8FDC-42A3-9474-1A3956D46DE8}") = "UML", "UML", "{BA49C0B1-9E4B-40EF-8151-756A24BD5DE6}"
EndProject
Project("{2150E333-8FDC-42A3-9474-1A3956D46DE8}") = "RealWorld", "RealWorld", "{551BFA80-CC45-4822-B1BD-06284BA0D436}"
EndProject
Project("{9A19103F-16F7-4668-BE54-9A1E7A4F7556}") = "AbstractFactoryAnimalWorld", "AbstractFactoryAnimalWorld\AbstractFactoryAnimalWorld.csproj", "{90C9098E-8C26-4F8A-B9D0-2975BD3BCA51}"
EndProject
Project("{9A19103F-16F7-4668-BE54-9A1E7A4F7556}") = "AbstractFactory2", "AbstractFactory2\AbstractFactory2.csproj", "{E6AF866F-F902-4273-BEF2-808E6BEC5F53}"
EndProject
Project("{9A19103F-16F7-4668-BE54-9A1E7A4F7556}") = "Builder", "Builder\Builder\Builder.csproj", "{F93AE279-6FCB-4944-A454-4EE0658B88C5}"
EndProject
Project("{9A19103F-16F7-4668-BE54-9A1E7A4F7556}") = "Builder2", "Builder2\Builder2.csproj", "{E96CBFD0-E430-4FF4-B72D-ED4A49E37E38}"
EndProject
Project("{9A19103F-16F7-4668-BE54-9A1E7A4F7556}") = "BuilderRealWorld", "BuilderRealWorld\BuilderRealWorld.csproj", "{39B4076B-773F-4D35-AAE2-4A34F0788E96}"
EndProject
Project("{9A19103F-16F7-4668-BE54-9A1E7A4F7556}") = "FactoryMethodRealWorld", "FactoryMethodRealWorld\FactoryMethodRealWorld.csproj", "{1A2EFC86-291A-4039-885A-44F676E22F5C}"
EndProject
Project("{9A19103F-16F7-4668-BE54-9A1E7A4F7556}") = "ColorPrototype", "ColorPrototype\ColorPrototype.csproj", "{448AD1CA-CA2A-4576-BD35-4571887F5817}"
EndProject
Project("{9A19103F-16F7-4668-BE54-9A1E7A4F7556}") = "LoadBalancerSingleton", "LoadBalancerSingleton\LoadBalancerSingleton.csproj", "{7CC67227-5D67-4D39-BFC5-9EAF192B5983}"
EndProject
Project("{2150E333-8FDC-42A3-9474-1A3956D46DE8}") = "Structural Patterns", "Structural Patterns", "{696DB69A-6ADE-4405-8905-48F09369FCF0}"
EndProject
Project("{2150E333-8FDC-42A3-9474-1A3956D46DE8}") = "imgs", "imgs", "{C40CA208-D6B7-4DC0-B54A-A66AA6DE88B0}"
	ProjectSection(SolutionItems) = preProject
		imgS\1.Adapter.PNG = imgS\1.Adapter.PNG
		imgS\2.Bridge.PNG = imgS\2.Bridge.PNG
		imgS\3.Composite.PNG = imgS\3.Composite.PNG
		imgS\4.Decorator.PNG = imgS\4.Decorator.PNG
		imgS\5.Facade.PNG = imgS\5.Facade.PNG
		imgS\6.FlyWeight.PNG = imgS\6.FlyWeight.PNG
		imgS\7.Proxy.PNG = imgS\7.Proxy.PNG
	EndProjectSection
EndProject
Project("{2150E333-8FDC-42A3-9474-1A3956D46DE8}") = "RealWorld", "RealWorld", "{04C35DBA-869D-45C2-A3BF-3168B129A684}"
EndProject
Project("{2150E333-8FDC-42A3-9474-1A3956D46DE8}") = "UML", "UML", "{F4360872-B44B-40CA-85A7-2DCF57087049}"
EndProject
Project("{9A19103F-16F7-4668-BE54-9A1E7A4F7556}") = "ObjectAdapter", "Adapter\Implementation\ObjectAdapter.csproj", "{E9BF20FD-B6DA-4D55-9FAA-35D299D518B8}"
EndProject
Project("{9A19103F-16F7-4668-BE54-9A1E7A4F7556}") = "ClasstAdapter", "Adapter\Implementation.ClasstAdapter\ClasstAdapter.csproj", "{A4872208-EC62-4339-89A0-54069EAED4B9}"
EndProject
Project("{9A19103F-16F7-4668-BE54-9A1E7A4F7556}") = "AdapterRealWorld", "AdapterRealWorld\AdapterRealWorld.csproj", "{A63267C3-DD08-4FA6-B2B0-8BC02CE49E2D}"
EndProject
Project("{9A19103F-16F7-4668-BE54-9A1E7A4F7556}") = "Bridge", "Bridge\Bridge\Bridge.csproj", "{C5DA10E8-8C98-4C17-B0A3-D1A1BBAB013E}"
EndProject
Project("{9A19103F-16F7-4668-BE54-9A1E7A4F7556}") = "BridgeSample", "BridgeSample\BridgeSample\BridgeSample.csproj", "{204BCF57-0D8B-45AB-8CEF-392ABC36150B}"
EndProject
Project("{9A19103F-16F7-4668-BE54-9A1E7A4F7556}") = "BridgeRealWorld", "BridgeRealWorld\BridgeRealWorld.csproj", "{A36F55AC-3F05-42BB-9D4E-190DFA9E0188}"
EndProject
Project("{9A19103F-16F7-4668-BE54-9A1E7A4F7556}") = "CompositeRealWorld", "CompositeRealWorld\CompositeRealWorld.csproj", "{1CAFAEF0-009E-4820-B8D8-F8883FA1BB77}"
EndProject
Project("{9A19103F-16F7-4668-BE54-9A1E7A4F7556}") = "FacadeRealWorld", "FacadeRealWorld\FacadeRealWorld.csproj", "{E93233CF-8507-4AA0-9BF3-76D921027743}"
EndProject
Project("{9A19103F-16F7-4668-BE54-9A1E7A4F7556}") = "FlyWeight_UML", "FlyWeight_UML\FlyWeight_UML.csproj", "{456EF158-E5B6-4649-81EB-74B741FD62A2}"
EndProject
Project("{9A19103F-16F7-4668-BE54-9A1E7A4F7556}") = "FlyWeightRealWorld", "FlyWeightRealWorld\FlyWeightRealWorld.csproj", "{85F34473-E84A-4030-895C-8F5BFBCD714B}"
EndProject
Project("{9A19103F-16F7-4668-BE54-9A1E7A4F7556}") = "Proxy", "Proxy\Proxy\Proxy.csproj", "{F6AEB10D-A7E7-413A-867D-5F74263AC2E6}"
EndProject
Project("{9A19103F-16F7-4668-BE54-9A1E7A4F7556}") = "ProxyRealWorld", "ProxyRealWorld\ProxyRealWorld.csproj", "{675851BC-952F-4659-87DA-CC21117FF7FF}"
EndProject
Project("{2150E333-8FDC-42A3-9474-1A3956D46DE8}") = "Behavioral Patterns", "Behavioral Patterns", "{3104F59C-DD49-4F6A-8410-D409E610F35C}"
EndProject
Project("{2150E333-8FDC-42A3-9474-1A3956D46DE8}") = "UML", "UML", "{A4F8424A-0705-4A2B-B42F-ACC4E16E72E4}"
EndProject
Project("{2150E333-8FDC-42A3-9474-1A3956D46DE8}") = "RealWorld", "RealWorld", "{2BB95A3D-9C19-4170-8804-021BCF1EB1F2}"
EndProject
Project("{9A19103F-16F7-4668-BE54-9A1E7A4F7556}") = "Chain of Responsibility", "Chain of Responsibility\Chain of Responsibility\Chain of Responsibility.csproj", "{FC5E327F-B960-47E0-8741-86F23A8615AD}"
EndProject
Project("{9A19103F-16F7-4668-BE54-9A1E7A4F7556}") = "Chain of Responsibility Real", "ChainofResponsibilityReal\Chain of Responsibility\Chain of Responsibility Real.csproj", "{09940009-B32C-4CC6-AF49-8344B57FCA1D}"
EndProject
Project("{9A19103F-16F7-4668-BE54-9A1E7A4F7556}") = "Command", "Command\Command\Command.csproj", "{7C49804E-EF1B-4BC6-9688-AEA2AFB1DA96}"
EndProject
Project("{9A19103F-16F7-4668-BE54-9A1E7A4F7556}") = "UndoRedoWithCommand", "UndoRedoWithCommand\UndoRedoWithCommand\UndoRedoWithCommand.csproj", "{79F5D535-94E4-40D5-9D0B-BAE36DF76204}"
EndProject
Project("{9A19103F-16F7-4668-BE54-9A1E7A4F7556}") = "CalculateCommand", "CalculateCommand\CalculateCommand.csproj", "{6308EA55-5824-40EC-9FA1-6C9243E891F8}"
EndProject
Project("{9A19103F-16F7-4668-BE54-9A1E7A4F7556}") = "Interpreter", "Interpreter\Interpreter\Interpreter.csproj", "{E34FF84A-F729-4DE4-8302-1EE5B21A50E6}"
EndProject
Project("{9A19103F-16F7-4668-BE54-9A1E7A4F7556}") = "InterpreterSample", "InterpreterSample\Interpreter\InterpreterSample.csproj", "{36BE8890-82A0-48B3-A3D9-8F62BDEB3D8B}"
EndProject
Project("{9A19103F-16F7-4668-BE54-9A1E7A4F7556}") = "InterpreterRealWorld", "InterpreterRealWorld\InterpreterRealWorld.csproj", "{46D8322D-26A0-4BCD-A07A-D1DEE6365810}"
EndProject
Project("{9A19103F-16F7-4668-BE54-9A1E7A4F7556}") = "Iterator", "Iterator\Iterator.csproj", "{C138AE44-C733-47CF-8024-CE23E47567AC}"
EndProject
Project("{9A19103F-16F7-4668-BE54-9A1E7A4F7556}") = "DotNetIterator", "DotNetIterator\DotNetIterator.csproj", "{E4CD6B16-CD26-4BC9-89EC-E1CC72BAAA7E}"
EndProject
Project("{9A19103F-16F7-4668-BE54-9A1E7A4F7556}") = "RealWorldIterator", "RealWorldIterator\RealWorldIterator.csproj", "{9539BE02-17CF-4E2B-A8B5-A89440F7C247}"
EndProject
Project("{9A19103F-16F7-4668-BE54-9A1E7A4F7556}") = "Mediator_UML", "Mediator_UML\Mediator_UML.csproj", "{6D76F561-08E5-464B-8CD8-338EEFD924F0}"
EndProject
Project("{9A19103F-16F7-4668-BE54-9A1E7A4F7556}") = "MediatorChatRoom", "MediatorChatRoom\MediatorChatRoom.csproj", "{08B1071F-297B-4043-852F-4F590406D54F}"
EndProject
Project("{FAE04EC0-301F-11D3-BF4B-00C04F79EFBC}") = "State", "State\State.csproj", "{A7C8CFE4-5E1F-4E33-B396-8CFBD0D2C53E}"
EndProject
Project("{9A19103F-16F7-4668-BE54-9A1E7A4F7556}") = "StateSample", "StateSample\State\StateSample.csproj", "{7A3864A8-B75A-48A4-98D7-083CC307E637}"
EndProject
Project("{FAE04EC0-301F-11D3-BF4B-00C04F79EFBC}") = "StrategyRealWorld", "StrategyRealWorld\StrategyRealWorld.csproj", "{0875D7B0-BE38-4089-A7D2-8B6EDC02783A}"
EndProject
Project("{9A19103F-16F7-4668-BE54-9A1E7A4F7556}") = "TemplateMethod", "TemplateMethod\TemplateMethod\TemplateMethod.csproj", "{4FFA2C09-0EE2-4B99-B25A-CEE82B2EDC6E}"
EndProject
Project("{FAE04EC0-301F-11D3-BF4B-00C04F79EFBC}") = "TemplateMethodSample1", "TemplateMethodSample1\TemplateMethodSample1.csproj", "{26F2CA52-A41F-4F04-895F-23B8659A6BF7}"
EndProject
Project("{FAE04EC0-301F-11D3-BF4B-00C04F79EFBC}") = "TemplateMethodSample2", "TemplateMethodSample2\TemplateMethodSample2.csproj", "{F060EF48-BC7A-4E1F-9E6D-A84C0B9B922B}"
EndProject
Project("{2150E333-8FDC-42A3-9474-1A3956D46DE8}") = "imgs", "imgs", "{475D96A7-2D15-411B-9E47-32E2D0089E1D}"
	ProjectSection(SolutionItems) = preProject
		imgB\1.chainOfResponsibility.PNG = imgB\1.chainOfResponsibility.PNG
		imgB\10.TemplateMethod.PNG = imgB\10.TemplateMethod.PNG
		imgB\11.Visitor.PNG = imgB\11.Visitor.PNG
		imgB\2.command.PNG = imgB\2.command.PNG
		imgB\3.Interpreter.PNG = imgB\3.Interpreter.PNG
		imgB\4.Iterator.PNG = imgB\4.Iterator.PNG
		imgB\5.Mediator.PNG = imgB\5.Mediator.PNG
		imgB\6.Memento.PNG = imgB\6.Memento.PNG
		imgB\7.Observer.PNG = imgB\7.Observer.PNG
		imgB\8.State.PNG = imgB\8.State.PNG
		imgB\9.Strategy.PNG = imgB\9.Strategy.PNG
	EndProjectSection
EndProject
Project("{9A19103F-16F7-4668-BE54-9A1E7A4F7556}") = "OverLoadingVisitor", "OverloadingVisitor\Visitor\OverLoadingVisitor.csproj", "{69138CB2-42CC-413D-BD36-8ADFAEF911D4}"
EndProject
Global
	GlobalSection(SolutionConfigurationPlatforms) = preSolution
		Debug|Any CPU = Debug|Any CPU
		Release|Any CPU = Release|Any CPU
	EndGlobalSection
	GlobalSection(ProjectConfigurationPlatforms) = postSolution
		{F18F8739-B468-43B7-B9B9-0EBE902650E7}.Debug|Any CPU.ActiveCfg = Debug|Any CPU
		{F18F8739-B468-43B7-B9B9-0EBE902650E7}.Debug|Any CPU.Build.0 = Debug|Any CPU
		{F18F8739-B468-43B7-B9B9-0EBE902650E7}.Release|Any CPU.ActiveCfg = Release|Any CPU
		{F18F8739-B468-43B7-B9B9-0EBE902650E7}.Release|Any CPU.Build.0 = Release|Any CPU
		{5AD466E7-78B7-462A-BFFD-E7F8C963919C}.Debug|Any CPU.ActiveCfg = Debug|Any CPU
		{5AD466E7-78B7-462A-BFFD-E7F8C963919C}.Debug|Any CPU.Build.0 = Debug|Any CPU
		{5AD466E7-78B7-462A-BFFD-E7F8C963919C}.Release|Any CPU.ActiveCfg = Release|Any CPU
		{5AD466E7-78B7-462A-BFFD-E7F8C963919C}.Release|Any CPU.Build.0 = Release|Any CPU
		{EFFD1BF9-B253-4ED3-A70A-FCEEAA190D09}.Debug|Any CPU.ActiveCfg = Debug|Any CPU
		{EFFD1BF9-B253-4ED3-A70A-FCEEAA190D09}.Debug|Any CPU.Build.0 = Debug|Any CPU
		{EFFD1BF9-B253-4ED3-A70A-FCEEAA190D09}.Release|Any CPU.ActiveCfg = Release|Any CPU
		{EFFD1BF9-B253-4ED3-A70A-FCEEAA190D09}.Release|Any CPU.Build.0 = Release|Any CPU
		{426E218C-40DE-4AF3-AEA0-6EDF315C80AF}.Debug|Any CPU.ActiveCfg = Debug|Any CPU
		{426E218C-40DE-4AF3-AEA0-6EDF315C80AF}.Debug|Any CPU.Build.0 = Debug|Any CPU
		{426E218C-40DE-4AF3-AEA0-6EDF315C80AF}.Release|Any CPU.ActiveCfg = Release|Any CPU
		{426E218C-40DE-4AF3-AEA0-6EDF315C80AF}.Release|Any CPU.Build.0 = Release|Any CPU
		{81209EC6-58C3-4F87-AA7F-9261FB6AF8C2}.Debug|Any CPU.ActiveCfg = Debug|Any CPU
		{81209EC6-58C3-4F87-AA7F-9261FB6AF8C2}.Debug|Any CPU.Build.0 = Debug|Any CPU
		{81209EC6-58C3-4F87-AA7F-9261FB6AF8C2}.Release|Any CPU.ActiveCfg = Release|Any CPU
		{81209EC6-58C3-4F87-AA7F-9261FB6AF8C2}.Release|Any CPU.Build.0 = Release|Any CPU
		{E7322888-8077-45AC-B2A5-DEA19F851DF3}.Debug|Any CPU.ActiveCfg = Debug|Any CPU
		{E7322888-8077-45AC-B2A5-DEA19F851DF3}.Debug|Any CPU.Build.0 = Debug|Any CPU
		{E7322888-8077-45AC-B2A5-DEA19F851DF3}.Release|Any CPU.ActiveCfg = Release|Any CPU
		{E7322888-8077-45AC-B2A5-DEA19F851DF3}.Release|Any CPU.Build.0 = Release|Any CPU
		{4D7A404D-E18D-4ADA-826F-76BBCFCEA40C}.Debug|Any CPU.ActiveCfg = Debug|Any CPU
		{4D7A404D-E18D-4ADA-826F-76BBCFCEA40C}.Debug|Any CPU.Build.0 = Debug|Any CPU
		{4D7A404D-E18D-4ADA-826F-76BBCFCEA40C}.Release|Any CPU.ActiveCfg = Release|Any CPU
		{4D7A404D-E18D-4ADA-826F-76BBCFCEA40C}.Release|Any CPU.Build.0 = Release|Any CPU
		{F26EE7F8-F272-48D8-8F7B-638B788898B7}.Debug|Any CPU.ActiveCfg = Debug|Any CPU
		{F26EE7F8-F272-48D8-8F7B-638B788898B7}.Debug|Any CPU.Build.0 = Debug|Any CPU
		{F26EE7F8-F272-48D8-8F7B-638B788898B7}.Release|Any CPU.ActiveCfg = Release|Any CPU
		{F26EE7F8-F272-48D8-8F7B-638B788898B7}.Release|Any CPU.Build.0 = Release|Any CPU
		{B8566F57-74F1-4B04-8808-529C975E44D3}.Debug|Any CPU.ActiveCfg = Debug|Any CPU
		{B8566F57-74F1-4B04-8808-529C975E44D3}.Debug|Any CPU.Build.0 = Debug|Any CPU
		{B8566F57-74F1-4B04-8808-529C975E44D3}.Release|Any CPU.ActiveCfg = Release|Any CPU
		{B8566F57-74F1-4B04-8808-529C975E44D3}.Release|Any CPU.Build.0 = Release|Any CPU
		{15606DE2-D9A3-436D-B186-B3D20EF13F5B}.Debug|Any CPU.ActiveCfg = Debug|Any CPU
		{15606DE2-D9A3-436D-B186-B3D20EF13F5B}.Debug|Any CPU.Build.0 = Debug|Any CPU
		{15606DE2-D9A3-436D-B186-B3D20EF13F5B}.Release|Any CPU.ActiveCfg = Release|Any CPU
		{15606DE2-D9A3-436D-B186-B3D20EF13F5B}.Release|Any CPU.Build.0 = Release|Any CPU
		{98CFC317-4A33-47FE-97C5-54A5D00C418E}.Debug|Any CPU.ActiveCfg = Debug|Any CPU
		{98CFC317-4A33-47FE-97C5-54A5D00C418E}.Debug|Any CPU.Build.0 = Debug|Any CPU
		{98CFC317-4A33-47FE-97C5-54A5D00C418E}.Release|Any CPU.ActiveCfg = Release|Any CPU
		{98CFC317-4A33-47FE-97C5-54A5D00C418E}.Release|Any CPU.Build.0 = Release|Any CPU
		{02A7B67B-2BCE-4EC5-9E55-83B523B57403}.Debug|Any CPU.ActiveCfg = Debug|Any CPU
		{02A7B67B-2BCE-4EC5-9E55-83B523B57403}.Debug|Any CPU.Build.0 = Debug|Any CPU
		{02A7B67B-2BCE-4EC5-9E55-83B523B57403}.Release|Any CPU.ActiveCfg = Release|Any CPU
		{02A7B67B-2BCE-4EC5-9E55-83B523B57403}.Release|Any CPU.Build.0 = Release|Any CPU
		{55528969-09EF-49F3-B077-122627996AF4}.Debug|Any CPU.ActiveCfg = Debug|Any CPU
		{55528969-09EF-49F3-B077-122627996AF4}.Debug|Any CPU.Build.0 = Debug|Any CPU
		{55528969-09EF-49F3-B077-122627996AF4}.Release|Any CPU.ActiveCfg = Release|Any CPU
		{55528969-09EF-49F3-B077-122627996AF4}.Release|Any CPU.Build.0 = Release|Any CPU
		{8279534C-EB3E-463D-A643-836E2B6C28D8}.Debug|Any CPU.ActiveCfg = Debug|Any CPU
		{8279534C-EB3E-463D-A643-836E2B6C28D8}.Debug|Any CPU.Build.0 = Debug|Any CPU
		{8279534C-EB3E-463D-A643-836E2B6C28D8}.Release|Any CPU.ActiveCfg = Release|Any CPU
		{8279534C-EB3E-463D-A643-836E2B6C28D8}.Release|Any CPU.Build.0 = Release|Any CPU
		{16438980-5E02-4489-B96D-ECC89F5859E2}.Debug|Any CPU.ActiveCfg = Debug|Any CPU
		{16438980-5E02-4489-B96D-ECC89F5859E2}.Debug|Any CPU.Build.0 = Debug|Any CPU
		{16438980-5E02-4489-B96D-ECC89F5859E2}.Release|Any CPU.ActiveCfg = Release|Any CPU
		{16438980-5E02-4489-B96D-ECC89F5859E2}.Release|Any CPU.Build.0 = Release|Any CPU
		{90C9098E-8C26-4F8A-B9D0-2975BD3BCA51}.Debug|Any CPU.ActiveCfg = Debug|Any CPU
		{90C9098E-8C26-4F8A-B9D0-2975BD3BCA51}.Debug|Any CPU.Build.0 = Debug|Any CPU
		{90C9098E-8C26-4F8A-B9D0-2975BD3BCA51}.Release|Any CPU.ActiveCfg = Release|Any CPU
		{90C9098E-8C26-4F8A-B9D0-2975BD3BCA51}.Release|Any CPU.Build.0 = Release|Any CPU
		{E6AF866F-F902-4273-BEF2-808E6BEC5F53}.Debug|Any CPU.ActiveCfg = Debug|Any CPU
		{E6AF866F-F902-4273-BEF2-808E6BEC5F53}.Debug|Any CPU.Build.0 = Debug|Any CPU
		{E6AF866F-F902-4273-BEF2-808E6BEC5F53}.Release|Any CPU.ActiveCfg = Release|Any CPU
		{E6AF866F-F902-4273-BEF2-808E6BEC5F53}.Release|Any CPU.Build.0 = Release|Any CPU
		{F93AE279-6FCB-4944-A454-4EE0658B88C5}.Debug|Any CPU.ActiveCfg = Debug|Any CPU
		{F93AE279-6FCB-4944-A454-4EE0658B88C5}.Debug|Any CPU.Build.0 = Debug|Any CPU
		{F93AE279-6FCB-4944-A454-4EE0658B88C5}.Release|Any CPU.ActiveCfg = Release|Any CPU
		{F93AE279-6FCB-4944-A454-4EE0658B88C5}.Release|Any CPU.Build.0 = Release|Any CPU
		{E96CBFD0-E430-4FF4-B72D-ED4A49E37E38}.Debug|Any CPU.ActiveCfg = Debug|Any CPU
		{E96CBFD0-E430-4FF4-B72D-ED4A49E37E38}.Debug|Any CPU.Build.0 = Debug|Any CPU
		{E96CBFD0-E430-4FF4-B72D-ED4A49E37E38}.Release|Any CPU.ActiveCfg = Release|Any CPU
		{E96CBFD0-E430-4FF4-B72D-ED4A49E37E38}.Release|Any CPU.Build.0 = Release|Any CPU
		{39B4076B-773F-4D35-AAE2-4A34F0788E96}.Debug|Any CPU.ActiveCfg = Debug|Any CPU
		{39B4076B-773F-4D35-AAE2-4A34F0788E96}.Debug|Any CPU.Build.0 = Debug|Any CPU
		{39B4076B-773F-4D35-AAE2-4A34F0788E96}.Release|Any CPU.ActiveCfg = Release|Any CPU
		{39B4076B-773F-4D35-AAE2-4A34F0788E96}.Release|Any CPU.Build.0 = Release|Any CPU
		{1A2EFC86-291A-4039-885A-44F676E22F5C}.Debug|Any CPU.ActiveCfg = Debug|Any CPU
		{1A2EFC86-291A-4039-885A-44F676E22F5C}.Debug|Any CPU.Build.0 = Debug|Any CPU
		{1A2EFC86-291A-4039-885A-44F676E22F5C}.Release|Any CPU.ActiveCfg = Release|Any CPU
		{1A2EFC86-291A-4039-885A-44F676E22F5C}.Release|Any CPU.Build.0 = Release|Any CPU
		{448AD1CA-CA2A-4576-BD35-4571887F5817}.Debug|Any CPU.ActiveCfg = Debug|Any CPU
		{448AD1CA-CA2A-4576-BD35-4571887F5817}.Debug|Any CPU.Build.0 = Debug|Any CPU
		{448AD1CA-CA2A-4576-BD35-4571887F5817}.Release|Any CPU.ActiveCfg = Release|Any CPU
		{448AD1CA-CA2A-4576-BD35-4571887F5817}.Release|Any CPU.Build.0 = Release|Any CPU
		{7CC67227-5D67-4D39-BFC5-9EAF192B5983}.Debug|Any CPU.ActiveCfg = Debug|Any CPU
		{7CC67227-5D67-4D39-BFC5-9EAF192B5983}.Debug|Any CPU.Build.0 = Debug|Any CPU
		{7CC67227-5D67-4D39-BFC5-9EAF192B5983}.Release|Any CPU.ActiveCfg = Release|Any CPU
		{7CC67227-5D67-4D39-BFC5-9EAF192B5983}.Release|Any CPU.Build.0 = Release|Any CPU
		{E9BF20FD-B6DA-4D55-9FAA-35D299D518B8}.Debug|Any CPU.ActiveCfg = Debug|Any CPU
		{E9BF20FD-B6DA-4D55-9FAA-35D299D518B8}.Debug|Any CPU.Build.0 = Debug|Any CPU
		{E9BF20FD-B6DA-4D55-9FAA-35D299D518B8}.Release|Any CPU.ActiveCfg = Release|Any CPU
		{E9BF20FD-B6DA-4D55-9FAA-35D299D518B8}.Release|Any CPU.Build.0 = Release|Any CPU
		{A4872208-EC62-4339-89A0-54069EAED4B9}.Debug|Any CPU.ActiveCfg = Debug|Any CPU
		{A4872208-EC62-4339-89A0-54069EAED4B9}.Debug|Any CPU.Build.0 = Debug|Any CPU
		{A4872208-EC62-4339-89A0-54069EAED4B9}.Release|Any CPU.ActiveCfg = Release|Any CPU
		{A4872208-EC62-4339-89A0-54069EAED4B9}.Release|Any CPU.Build.0 = Release|Any CPU
		{A63267C3-DD08-4FA6-B2B0-8BC02CE49E2D}.Debug|Any CPU.ActiveCfg = Debug|Any CPU
		{A63267C3-DD08-4FA6-B2B0-8BC02CE49E2D}.Debug|Any CPU.Build.0 = Debug|Any CPU
		{A63267C3-DD08-4FA6-B2B0-8BC02CE49E2D}.Release|Any CPU.ActiveCfg = Release|Any CPU
		{A63267C3-DD08-4FA6-B2B0-8BC02CE49E2D}.Release|Any CPU.Build.0 = Release|Any CPU
		{C5DA10E8-8C98-4C17-B0A3-D1A1BBAB013E}.Debug|Any CPU.ActiveCfg = Debug|Any CPU
		{C5DA10E8-8C98-4C17-B0A3-D1A1BBAB013E}.Debug|Any CPU.Build.0 = Debug|Any CPU
		{C5DA10E8-8C98-4C17-B0A3-D1A1BBAB013E}.Release|Any CPU.ActiveCfg = Release|Any CPU
		{C5DA10E8-8C98-4C17-B0A3-D1A1BBAB013E}.Release|Any CPU.Build.0 = Release|Any CPU
		{204BCF57-0D8B-45AB-8CEF-392ABC36150B}.Debug|Any CPU.ActiveCfg = Debug|Any CPU
		{204BCF57-0D8B-45AB-8CEF-392ABC36150B}.Debug|Any CPU.Build.0 = Debug|Any CPU
		{204BCF57-0D8B-45AB-8CEF-392ABC36150B}.Release|Any CPU.ActiveCfg = Release|Any CPU
		{204BCF57-0D8B-45AB-8CEF-392ABC36150B}.Release|Any CPU.Build.0 = Release|Any CPU
		{A36F55AC-3F05-42BB-9D4E-190DFA9E0188}.Debug|Any CPU.ActiveCfg = Debug|Any CPU
		{A36F55AC-3F05-42BB-9D4E-190DFA9E0188}.Debug|Any CPU.Build.0 = Debug|Any CPU
		{A36F55AC-3F05-42BB-9D4E-190DFA9E0188}.Release|Any CPU.ActiveCfg = Release|Any CPU
		{A36F55AC-3F05-42BB-9D4E-190DFA9E0188}.Release|Any CPU.Build.0 = Release|Any CPU
		{1CAFAEF0-009E-4820-B8D8-F8883FA1BB77}.Debug|Any CPU.ActiveCfg = Debug|Any CPU
		{1CAFAEF0-009E-4820-B8D8-F8883FA1BB77}.Debug|Any CPU.Build.0 = Debug|Any CPU
		{1CAFAEF0-009E-4820-B8D8-F8883FA1BB77}.Release|Any CPU.ActiveCfg = Release|Any CPU
		{1CAFAEF0-009E-4820-B8D8-F8883FA1BB77}.Release|Any CPU.Build.0 = Release|Any CPU
		{E93233CF-8507-4AA0-9BF3-76D921027743}.Debug|Any CPU.ActiveCfg = Debug|Any CPU
		{E93233CF-8507-4AA0-9BF3-76D921027743}.Debug|Any CPU.Build.0 = Debug|Any CPU
		{E93233CF-8507-4AA0-9BF3-76D921027743}.Release|Any CPU.ActiveCfg = Release|Any CPU
		{E93233CF-8507-4AA0-9BF3-76D921027743}.Release|Any CPU.Build.0 = Release|Any CPU
		{456EF158-E5B6-4649-81EB-74B741FD62A2}.Debug|Any CPU.ActiveCfg = Debug|Any CPU
		{456EF158-E5B6-4649-81EB-74B741FD62A2}.Debug|Any CPU.Build.0 = Debug|Any CPU
		{456EF158-E5B6-4649-81EB-74B741FD62A2}.Release|Any CPU.ActiveCfg = Release|Any CPU
		{456EF158-E5B6-4649-81EB-74B741FD62A2}.Release|Any CPU.Build.0 = Release|Any CPU
		{85F34473-E84A-4030-895C-8F5BFBCD714B}.Debug|Any CPU.ActiveCfg = Debug|Any CPU
		{85F34473-E84A-4030-895C-8F5BFBCD714B}.Debug|Any CPU.Build.0 = Debug|Any CPU
		{85F34473-E84A-4030-895C-8F5BFBCD714B}.Release|Any CPU.ActiveCfg = Release|Any CPU
		{85F34473-E84A-4030-895C-8F5BFBCD714B}.Release|Any CPU.Build.0 = Release|Any CPU
		{F6AEB10D-A7E7-413A-867D-5F74263AC2E6}.Debug|Any CPU.ActiveCfg = Debug|Any CPU
		{F6AEB10D-A7E7-413A-867D-5F74263AC2E6}.Debug|Any CPU.Build.0 = Debug|Any CPU
		{F6AEB10D-A7E7-413A-867D-5F74263AC2E6}.Release|Any CPU.ActiveCfg = Release|Any CPU
		{F6AEB10D-A7E7-413A-867D-5F74263AC2E6}.Release|Any CPU.Build.0 = Release|Any CPU
		{675851BC-952F-4659-87DA-CC21117FF7FF}.Debug|Any CPU.ActiveCfg = Debug|Any CPU
		{675851BC-952F-4659-87DA-CC21117FF7FF}.Debug|Any CPU.Build.0 = Debug|Any CPU
		{675851BC-952F-4659-87DA-CC21117FF7FF}.Release|Any CPU.ActiveCfg = Release|Any CPU
		{675851BC-952F-4659-87DA-CC21117FF7FF}.Release|Any CPU.Build.0 = Release|Any CPU
		{FC5E327F-B960-47E0-8741-86F23A8615AD}.Debug|Any CPU.ActiveCfg = Debug|Any CPU
		{FC5E327F-B960-47E0-8741-86F23A8615AD}.Debug|Any CPU.Build.0 = Debug|Any CPU
		{FC5E327F-B960-47E0-8741-86F23A8615AD}.Release|Any CPU.ActiveCfg = Release|Any CPU
		{FC5E327F-B960-47E0-8741-86F23A8615AD}.Release|Any CPU.Build.0 = Release|Any CPU
		{09940009-B32C-4CC6-AF49-8344B57FCA1D}.Debug|Any CPU.ActiveCfg = Debug|Any CPU
		{09940009-B32C-4CC6-AF49-8344B57FCA1D}.Debug|Any CPU.Build.0 = Debug|Any CPU
		{09940009-B32C-4CC6-AF49-8344B57FCA1D}.Release|Any CPU.ActiveCfg = Release|Any CPU
		{09940009-B32C-4CC6-AF49-8344B57FCA1D}.Release|Any CPU.Build.0 = Release|Any CPU
		{7C49804E-EF1B-4BC6-9688-AEA2AFB1DA96}.Debug|Any CPU.ActiveCfg = Debug|Any CPU
		{7C49804E-EF1B-4BC6-9688-AEA2AFB1DA96}.Debug|Any CPU.Build.0 = Debug|Any CPU
		{7C49804E-EF1B-4BC6-9688-AEA2AFB1DA96}.Release|Any CPU.ActiveCfg = Release|Any CPU
		{7C49804E-EF1B-4BC6-9688-AEA2AFB1DA96}.Release|Any CPU.Build.0 = Release|Any CPU
		{79F5D535-94E4-40D5-9D0B-BAE36DF76204}.Debug|Any CPU.ActiveCfg = Debug|Any CPU
		{79F5D535-94E4-40D5-9D0B-BAE36DF76204}.Debug|Any CPU.Build.0 = Debug|Any CPU
		{79F5D535-94E4-40D5-9D0B-BAE36DF76204}.Release|Any CPU.ActiveCfg = Release|Any CPU
		{79F5D535-94E4-40D5-9D0B-BAE36DF76204}.Release|Any CPU.Build.0 = Release|Any CPU
		{6308EA55-5824-40EC-9FA1-6C9243E891F8}.Debug|Any CPU.ActiveCfg = Debug|Any CPU
		{6308EA55-5824-40EC-9FA1-6C9243E891F8}.Debug|Any CPU.Build.0 = Debug|Any CPU
		{6308EA55-5824-40EC-9FA1-6C9243E891F8}.Release|Any CPU.ActiveCfg = Release|Any CPU
		{6308EA55-5824-40EC-9FA1-6C9243E891F8}.Release|Any CPU.Build.0 = Release|Any CPU
		{E34FF84A-F729-4DE4-8302-1EE5B21A50E6}.Debug|Any CPU.ActiveCfg = Debug|Any CPU
		{E34FF84A-F729-4DE4-8302-1EE5B21A50E6}.Debug|Any CPU.Build.0 = Debug|Any CPU
		{E34FF84A-F729-4DE4-8302-1EE5B21A50E6}.Release|Any CPU.ActiveCfg = Release|Any CPU
		{E34FF84A-F729-4DE4-8302-1EE5B21A50E6}.Release|Any CPU.Build.0 = Release|Any CPU
		{36BE8890-82A0-48B3-A3D9-8F62BDEB3D8B}.Debug|Any CPU.ActiveCfg = Debug|Any CPU
		{36BE8890-82A0-48B3-A3D9-8F62BDEB3D8B}.Debug|Any CPU.Build.0 = Debug|Any CPU
		{36BE8890-82A0-48B3-A3D9-8F62BDEB3D8B}.Release|Any CPU.ActiveCfg = Release|Any CPU
		{36BE8890-82A0-48B3-A3D9-8F62BDEB3D8B}.Release|Any CPU.Build.0 = Release|Any CPU
		{46D8322D-26A0-4BCD-A07A-D1DEE6365810}.Debug|Any CPU.ActiveCfg = Debug|Any CPU
		{46D8322D-26A0-4BCD-A07A-D1DEE6365810}.Debug|Any CPU.Build.0 = Debug|Any CPU
		{46D8322D-26A0-4BCD-A07A-D1DEE6365810}.Release|Any CPU.ActiveCfg = Release|Any CPU
		{46D8322D-26A0-4BCD-A07A-D1DEE6365810}.Release|Any CPU.Build.0 = Release|Any CPU
		{C138AE44-C733-47CF-8024-CE23E47567AC}.Debug|Any CPU.ActiveCfg = Debug|Any CPU
		{C138AE44-C733-47CF-8024-CE23E47567AC}.Debug|Any CPU.Build.0 = Debug|Any CPU
		{C138AE44-C733-47CF-8024-CE23E47567AC}.Release|Any CPU.ActiveCfg = Release|Any CPU
		{C138AE44-C733-47CF-8024-CE23E47567AC}.Release|Any CPU.Build.0 = Release|Any CPU
		{E4CD6B16-CD26-4BC9-89EC-E1CC72BAAA7E}.Debug|Any CPU.ActiveCfg = Debug|Any CPU
		{E4CD6B16-CD26-4BC9-89EC-E1CC72BAAA7E}.Debug|Any CPU.Build.0 = Debug|Any CPU
		{E4CD6B16-CD26-4BC9-89EC-E1CC72BAAA7E}.Release|Any CPU.ActiveCfg = Release|Any CPU
		{E4CD6B16-CD26-4BC9-89EC-E1CC72BAAA7E}.Release|Any CPU.Build.0 = Release|Any CPU
		{9539BE02-17CF-4E2B-A8B5-A89440F7C247}.Debug|Any CPU.ActiveCfg = Debug|Any CPU
		{9539BE02-17CF-4E2B-A8B5-A89440F7C247}.Debug|Any CPU.Build.0 = Debug|Any CPU
		{9539BE02-17CF-4E2B-A8B5-A89440F7C247}.Release|Any CPU.ActiveCfg = Release|Any CPU
		{9539BE02-17CF-4E2B-A8B5-A89440F7C247}.Release|Any CPU.Build.0 = Release|Any CPU
		{6D76F561-08E5-464B-8CD8-338EEFD924F0}.Debug|Any CPU.ActiveCfg = Debug|Any CPU
		{6D76F561-08E5-464B-8CD8-338EEFD924F0}.Debug|Any CPU.Build.0 = Debug|Any CPU
		{6D76F561-08E5-464B-8CD8-338EEFD924F0}.Release|Any CPU.ActiveCfg = Release|Any CPU
		{6D76F561-08E5-464B-8CD8-338EEFD924F0}.Release|Any CPU.Build.0 = Release|Any CPU
		{08B1071F-297B-4043-852F-4F590406D54F}.Debug|Any CPU.ActiveCfg = Debug|Any CPU
		{08B1071F-297B-4043-852F-4F590406D54F}.Debug|Any CPU.Build.0 = Debug|Any CPU
		{08B1071F-297B-4043-852F-4F590406D54F}.Release|Any CPU.ActiveCfg = Release|Any CPU
		{08B1071F-297B-4043-852F-4F590406D54F}.Release|Any CPU.Build.0 = Release|Any CPU
		{A7C8CFE4-5E1F-4E33-B396-8CFBD0D2C53E}.Debug|Any CPU.ActiveCfg = Debug|Any CPU
		{A7C8CFE4-5E1F-4E33-B396-8CFBD0D2C53E}.Debug|Any CPU.Build.0 = Debug|Any CPU
		{A7C8CFE4-5E1F-4E33-B396-8CFBD0D2C53E}.Release|Any CPU.ActiveCfg = Release|Any CPU
		{A7C8CFE4-5E1F-4E33-B396-8CFBD0D2C53E}.Release|Any CPU.Build.0 = Release|Any CPU
		{7A3864A8-B75A-48A4-98D7-083CC307E637}.Debug|Any CPU.ActiveCfg = Debug|Any CPU
		{7A3864A8-B75A-48A4-98D7-083CC307E637}.Debug|Any CPU.Build.0 = Debug|Any CPU
		{7A3864A8-B75A-48A4-98D7-083CC307E637}.Release|Any CPU.ActiveCfg = Release|Any CPU
		{7A3864A8-B75A-48A4-98D7-083CC307E637}.Release|Any CPU.Build.0 = Release|Any CPU
		{0875D7B0-BE38-4089-A7D2-8B6EDC02783A}.Debug|Any CPU.ActiveCfg = Debug|Any CPU
		{0875D7B0-BE38-4089-A7D2-8B6EDC02783A}.Debug|Any CPU.Build.0 = Debug|Any CPU
		{0875D7B0-BE38-4089-A7D2-8B6EDC02783A}.Release|Any CPU.ActiveCfg = Release|Any CPU
		{0875D7B0-BE38-4089-A7D2-8B6EDC02783A}.Release|Any CPU.Build.0 = Release|Any CPU
		{4FFA2C09-0EE2-4B99-B25A-CEE82B2EDC6E}.Debug|Any CPU.ActiveCfg = Debug|Any CPU
		{4FFA2C09-0EE2-4B99-B25A-CEE82B2EDC6E}.Debug|Any CPU.Build.0 = Debug|Any CPU
		{4FFA2C09-0EE2-4B99-B25A-CEE82B2EDC6E}.Release|Any CPU.ActiveCfg = Release|Any CPU
		{4FFA2C09-0EE2-4B99-B25A-CEE82B2EDC6E}.Release|Any CPU.Build.0 = Release|Any CPU
		{26F2CA52-A41F-4F04-895F-23B8659A6BF7}.Debug|Any CPU.ActiveCfg = Debug|Any CPU
		{26F2CA52-A41F-4F04-895F-23B8659A6BF7}.Debug|Any CPU.Build.0 = Debug|Any CPU
		{26F2CA52-A41F-4F04-895F-23B8659A6BF7}.Release|Any CPU.ActiveCfg = Release|Any CPU
		{26F2CA52-A41F-4F04-895F-23B8659A6BF7}.Release|Any CPU.Build.0 = Release|Any CPU
		{F060EF48-BC7A-4E1F-9E6D-A84C0B9B922B}.Debug|Any CPU.ActiveCfg = Debug|Any CPU
		{F060EF48-BC7A-4E1F-9E6D-A84C0B9B922B}.Debug|Any CPU.Build.0 = Debug|Any CPU
		{F060EF48-BC7A-4E1F-9E6D-A84C0B9B922B}.Release|Any CPU.ActiveCfg = Release|Any CPU
		{F060EF48-BC7A-4E1F-9E6D-A84C0B9B922B}.Release|Any CPU.Build.0 = Release|Any CPU
		{69138CB2-42CC-413D-BD36-8ADFAEF911D4}.Debug|Any CPU.ActiveCfg = Debug|Any CPU
		{69138CB2-42CC-413D-BD36-8ADFAEF911D4}.Debug|Any CPU.Build.0 = Debug|Any CPU
		{69138CB2-42CC-413D-BD36-8ADFAEF911D4}.Release|Any CPU.ActiveCfg = Release|Any CPU
		{69138CB2-42CC-413D-BD36-8ADFAEF911D4}.Release|Any CPU.Build.0 = Release|Any CPU
	EndGlobalSection
	GlobalSection(SolutionProperties) = preSolution
		HideSolutionNode = FALSE
	EndGlobalSection
	GlobalSection(NestedProjects) = preSolution
		{F18F8739-B468-43B7-B9B9-0EBE902650E7} = {F4360872-B44B-40CA-85A7-2DCF57087049}
		{5AD466E7-78B7-462A-BFFD-E7F8C963919C} = {F4360872-B44B-40CA-85A7-2DCF57087049}
		{EFFD1BF9-B253-4ED3-A70A-FCEEAA190D09} = {BA49C0B1-9E4B-40EF-8151-756A24BD5DE6}
		{426E218C-40DE-4AF3-AEA0-6EDF315C80AF} = {F4360872-B44B-40CA-85A7-2DCF57087049}
		{81209EC6-58C3-4F87-AA7F-9261FB6AF8C2} = {F4360872-B44B-40CA-85A7-2DCF57087049}
		{E7322888-8077-45AC-B2A5-DEA19F851DF3} = {04C35DBA-869D-45C2-A3BF-3168B129A684}
		{4D7A404D-E18D-4ADA-826F-76BBCFCEA40C} = {A4F8424A-0705-4A2B-B42F-ACC4E16E72E4}
		{F26EE7F8-F272-48D8-8F7B-638B788898B7} = {2BB95A3D-9C19-4170-8804-021BCF1EB1F2}
		{B8566F57-74F1-4B04-8808-529C975E44D3} = {A4F8424A-0705-4A2B-B42F-ACC4E16E72E4}
		{15606DE2-D9A3-436D-B186-B3D20EF13F5B} = {BA49C0B1-9E4B-40EF-8151-756A24BD5DE6}
		{98CFC317-4A33-47FE-97C5-54A5D00C418E} = {551BFA80-CC45-4822-B1BD-06284BA0D436}
		{02A7B67B-2BCE-4EC5-9E55-83B523B57403} = {BA49C0B1-9E4B-40EF-8151-756A24BD5DE6}
		{55528969-09EF-49F3-B077-122627996AF4} = {BA49C0B1-9E4B-40EF-8151-756A24BD5DE6}
		{8279534C-EB3E-463D-A643-836E2B6C28D8} = {A4F8424A-0705-4A2B-B42F-ACC4E16E72E4}
		{16438980-5E02-4489-B96D-ECC89F5859E2} = {04C35DBA-869D-45C2-A3BF-3168B129A684}
		{4E280134-C785-478F-99D6-8BA1221E6591} = {A433B48B-229F-418D-879A-4C18A457088B}
		{BA49C0B1-9E4B-40EF-8151-756A24BD5DE6} = {A433B48B-229F-418D-879A-4C18A457088B}
		{551BFA80-CC45-4822-B1BD-06284BA0D436} = {A433B48B-229F-418D-879A-4C18A457088B}
		{90C9098E-8C26-4F8A-B9D0-2975BD3BCA51} = {551BFA80-CC45-4822-B1BD-06284BA0D436}
		{E6AF866F-F902-4273-BEF2-808E6BEC5F53} = {BA49C0B1-9E4B-40EF-8151-756A24BD5DE6}
		{F93AE279-6FCB-4944-A454-4EE0658B88C5} = {BA49C0B1-9E4B-40EF-8151-756A24BD5DE6}
		{E96CBFD0-E430-4FF4-B72D-ED4A49E37E38} = {BA49C0B1-9E4B-40EF-8151-756A24BD5DE6}
		{39B4076B-773F-4D35-AAE2-4A34F0788E96} = {551BFA80-CC45-4822-B1BD-06284BA0D436}
		{1A2EFC86-291A-4039-885A-44F676E22F5C} = {551BFA80-CC45-4822-B1BD-06284BA0D436}
		{448AD1CA-CA2A-4576-BD35-4571887F5817} = {551BFA80-CC45-4822-B1BD-06284BA0D436}
		{7CC67227-5D67-4D39-BFC5-9EAF192B5983} = {551BFA80-CC45-4822-B1BD-06284BA0D436}
		{C40CA208-D6B7-4DC0-B54A-A66AA6DE88B0} = {696DB69A-6ADE-4405-8905-48F09369FCF0}
		{04C35DBA-869D-45C2-A3BF-3168B129A684} = {696DB69A-6ADE-4405-8905-48F09369FCF0}
		{F4360872-B44B-40CA-85A7-2DCF57087049} = {696DB69A-6ADE-4405-8905-48F09369FCF0}
		{E9BF20FD-B6DA-4D55-9FAA-35D299D518B8} = {F4360872-B44B-40CA-85A7-2DCF57087049}
		{A4872208-EC62-4339-89A0-54069EAED4B9} = {F4360872-B44B-40CA-85A7-2DCF57087049}
		{A63267C3-DD08-4FA6-B2B0-8BC02CE49E2D} = {04C35DBA-869D-45C2-A3BF-3168B129A684}
		{C5DA10E8-8C98-4C17-B0A3-D1A1BBAB013E} = {F4360872-B44B-40CA-85A7-2DCF57087049}
		{204BCF57-0D8B-45AB-8CEF-392ABC36150B} = {04C35DBA-869D-45C2-A3BF-3168B129A684}
		{A36F55AC-3F05-42BB-9D4E-190DFA9E0188} = {04C35DBA-869D-45C2-A3BF-3168B129A684}
		{1CAFAEF0-009E-4820-B8D8-F8883FA1BB77} = {04C35DBA-869D-45C2-A3BF-3168B129A684}
		{E93233CF-8507-4AA0-9BF3-76D921027743} = {04C35DBA-869D-45C2-A3BF-3168B129A684}
		{456EF158-E5B6-4649-81EB-74B741FD62A2} = {F4360872-B44B-40CA-85A7-2DCF57087049}
		{85F34473-E84A-4030-895C-8F5BFBCD714B} = {04C35DBA-869D-45C2-A3BF-3168B129A684}
		{F6AEB10D-A7E7-413A-867D-5F74263AC2E6} = {F4360872-B44B-40CA-85A7-2DCF57087049}
		{675851BC-952F-4659-87DA-CC21117FF7FF} = {04C35DBA-869D-45C2-A3BF-3168B129A684}
		{A4F8424A-0705-4A2B-B42F-ACC4E16E72E4} = {3104F59C-DD49-4F6A-8410-D409E610F35C}
		{2BB95A3D-9C19-4170-8804-021BCF1EB1F2} = {3104F59C-DD49-4F6A-8410-D409E610F35C}
		{FC5E327F-B960-47E0-8741-86F23A8615AD} = {A4F8424A-0705-4A2B-B42F-ACC4E16E72E4}
		{09940009-B32C-4CC6-AF49-8344B57FCA1D} = {2BB95A3D-9C19-4170-8804-021BCF1EB1F2}
		{7C49804E-EF1B-4BC6-9688-AEA2AFB1DA96} = {A4F8424A-0705-4A2B-B42F-ACC4E16E72E4}
		{79F5D535-94E4-40D5-9D0B-BAE36DF76204} = {2BB95A3D-9C19-4170-8804-021BCF1EB1F2}
		{6308EA55-5824-40EC-9FA1-6C9243E891F8} = {2BB95A3D-9C19-4170-8804-021BCF1EB1F2}
		{E34FF84A-F729-4DE4-8302-1EE5B21A50E6} = {A4F8424A-0705-4A2B-B42F-ACC4E16E72E4}
		{36BE8890-82A0-48B3-A3D9-8F62BDEB3D8B} = {2BB95A3D-9C19-4170-8804-021BCF1EB1F2}
		{46D8322D-26A0-4BCD-A07A-D1DEE6365810} = {2BB95A3D-9C19-4170-8804-021BCF1EB1F2}
		{C138AE44-C733-47CF-8024-CE23E47567AC} = {A4F8424A-0705-4A2B-B42F-ACC4E16E72E4}
		{E4CD6B16-CD26-4BC9-89EC-E1CC72BAAA7E} = {A4F8424A-0705-4A2B-B42F-ACC4E16E72E4}
		{9539BE02-17CF-4E2B-A8B5-A89440F7C247} = {2BB95A3D-9C19-4170-8804-021BCF1EB1F2}
		{6D76F561-08E5-464B-8CD8-338EEFD924F0} = {A4F8424A-0705-4A2B-B42F-ACC4E16E72E4}
		{08B1071F-297B-4043-852F-4F590406D54F} = {2BB95A3D-9C19-4170-8804-021BCF1EB1F2}
		{A7C8CFE4-5E1F-4E33-B396-8CFBD0D2C53E} = {A4F8424A-0705-4A2B-B42F-ACC4E16E72E4}
		{7A3864A8-B75A-48A4-98D7-083CC307E637} = {2BB95A3D-9C19-4170-8804-021BCF1EB1F2}
		{0875D7B0-BE38-4089-A7D2-8B6EDC02783A} = {2BB95A3D-9C19-4170-8804-021BCF1EB1F2}
		{4FFA2C09-0EE2-4B99-B25A-CEE82B2EDC6E} = {A4F8424A-0705-4A2B-B42F-ACC4E16E72E4}
		{26F2CA52-A41F-4F04-895F-23B8659A6BF7} = {2BB95A3D-9C19-4170-8804-021BCF1EB1F2}
		{F060EF48-BC7A-4E1F-9E6D-A84C0B9B922B} = {2BB95A3D-9C19-4170-8804-021BCF1EB1F2}
		{475D96A7-2D15-411B-9E47-32E2D0089E1D} = {3104F59C-DD49-4F6A-8410-D409E610F35C}
		{69138CB2-42CC-413D-BD36-8ADFAEF911D4} = {A4F8424A-0705-4A2B-B42F-ACC4E16E72E4}
	EndGlobalSection
	GlobalSection(ExtensibilityGlobals) = postSolution
		SolutionGuid = {A120CFE7-E380-45A0-993B-4E8257E38F45}
	EndGlobalSection
EndGlobal
